// !$*UTF8*$!
{
	archiveVersion = 1;
	classes = {
	};
	objectVersion = 47;
	objects = {

/* Begin PBXBuildFile section */
		5F04638A1B35CDE600AFF78C /* Settings.bundle in Resources */ = {isa = PBXBuildFile; fileRef = 5F0463891B35CDE600AFF78C /* Settings.bundle */; };
		5F0639051B323F4C00277871 /* AppDelegate.swift in Sources */ = {isa = PBXBuildFile; fileRef = 5F0639041B323F4C00277871 /* AppDelegate.swift */; };
		5F0639071B323F4C00277871 /* ViewController.swift in Sources */ = {isa = PBXBuildFile; fileRef = 5F0639061B323F4C00277871 /* ViewController.swift */; };
		5F06390A1B323F4C00277871 /* Main.storyboard in Resources */ = {isa = PBXBuildFile; fileRef = 5F0639081B323F4C00277871 /* Main.storyboard */; };
		5F06390C1B323F4C00277871 /* Images.xcassets in Resources */ = {isa = PBXBuildFile; fileRef = 5F06390B1B323F4C00277871 /* Images.xcassets */; };
		5F06390F1B323F4C00277871 /* LaunchScreen.xib in Resources */ = {isa = PBXBuildFile; fileRef = 5F06390D1B323F4C00277871 /* LaunchScreen.xib */; };
		5F06391B1B323F4C00277871 /* LeverageTests.swift in Sources */ = {isa = PBXBuildFile; fileRef = 5F06391A1B323F4C00277871 /* LeverageTests.swift */; };
		5F0639361B323F8E00277871 /* Icon-60.png in Resources */ = {isa = PBXBuildFile; fileRef = 5F0639241B323F8E00277871 /* Icon-60.png */; };
		5F0639371B323F8E00277871 /* Icon-60@2x.png in Resources */ = {isa = PBXBuildFile; fileRef = 5F0639251B323F8E00277871 /* Icon-60@2x.png */; };
		5F0639381B323F8E00277871 /* Icon-60@3x.png in Resources */ = {isa = PBXBuildFile; fileRef = 5F0639261B323F8E00277871 /* Icon-60@3x.png */; };
		5F0639391B323F8E00277871 /* Icon-72.png in Resources */ = {isa = PBXBuildFile; fileRef = 5F0639271B323F8E00277871 /* Icon-72.png */; };
		5F06393A1B323F8E00277871 /* Icon-72@2x.png in Resources */ = {isa = PBXBuildFile; fileRef = 5F0639281B323F8E00277871 /* Icon-72@2x.png */; };
		5F06393B1B323F8E00277871 /* Icon-76.png in Resources */ = {isa = PBXBuildFile; fileRef = 5F0639291B323F8E00277871 /* Icon-76.png */; };
		5F06393C1B323F8E00277871 /* Icon-76@2x.png in Resources */ = {isa = PBXBuildFile; fileRef = 5F06392A1B323F8E00277871 /* Icon-76@2x.png */; };
		5F06393D1B323F8E00277871 /* Icon-Small-40.png in Resources */ = {isa = PBXBuildFile; fileRef = 5F06392B1B323F8E00277871 /* Icon-Small-40.png */; };
		5F06393E1B323F8E00277871 /* Icon-Small-40@2x.png in Resources */ = {isa = PBXBuildFile; fileRef = 5F06392C1B323F8E00277871 /* Icon-Small-40@2x.png */; };
		5F06393F1B323F8E00277871 /* Icon-Small-40@3x.png in Resources */ = {isa = PBXBuildFile; fileRef = 5F06392D1B323F8E00277871 /* Icon-Small-40@3x.png */; };
		5F0639401B323F8E00277871 /* Icon-Small-50.png in Resources */ = {isa = PBXBuildFile; fileRef = 5F06392E1B323F8E00277871 /* Icon-Small-50.png */; };
		5F0639411B323F8E00277871 /* Icon-Small-50@2x.png in Resources */ = {isa = PBXBuildFile; fileRef = 5F06392F1B323F8E00277871 /* Icon-Small-50@2x.png */; };
		5F0639421B323F8E00277871 /* Icon-Small.png in Resources */ = {isa = PBXBuildFile; fileRef = 5F0639301B323F8E00277871 /* Icon-Small.png */; };
		5F0639431B323F8E00277871 /* Icon-Small@2x.png in Resources */ = {isa = PBXBuildFile; fileRef = 5F0639311B323F8E00277871 /* Icon-Small@2x.png */; };
		5F0639441B323F8E00277871 /* Icon-Small@3x.png in Resources */ = {isa = PBXBuildFile; fileRef = 5F0639321B323F8E00277871 /* Icon-Small@3x.png */; };
		5F0639451B323F8E00277871 /* Icon.png in Resources */ = {isa = PBXBuildFile; fileRef = 5F0639331B323F8E00277871 /* Icon.png */; };
		5F0639461B323F8E00277871 /* Icon@2x.png in Resources */ = {isa = PBXBuildFile; fileRef = 5F0639341B323F8E00277871 /* Icon@2x.png */; };
		5F0639471B323F8E00277871 /* iTunesArtwork@2x.png in Resources */ = {isa = PBXBuildFile; fileRef = 5F0639351B323F8E00277871 /* iTunesArtwork@2x.png */; };
		5F0639491B32404F00277871 /* leverage-launch-logo.png in Resources */ = {isa = PBXBuildFile; fileRef = 5F0639481B32404F00277871 /* leverage-launch-logo.png */; };
		5F06394D1B3241B900277871 /* DetailViewController.swift in Sources */ = {isa = PBXBuildFile; fileRef = 5F06394C1B3241B900277871 /* DetailViewController.swift */; };
		5F06394F1B3241F600277871 /* FormViewController.swift in Sources */ = {isa = PBXBuildFile; fileRef = 5F06394E1B3241F600277871 /* FormViewController.swift */; };
		5F0639511B3242D500277871 /* Lato in Resources */ = {isa = PBXBuildFile; fileRef = 5F0639501B3242D500277871 /* Lato */; };
		5F0639531B327CD000277871 /* job.swift in Sources */ = {isa = PBXBuildFile; fileRef = 5F0639521B327CD000277871 /* job.swift */; };
		5F0639551B327E3A00277871 /* cellView.swift in Sources */ = {isa = PBXBuildFile; fileRef = 5F0639541B327E3A00277871 /* cellView.swift */; };
		5F1FADFB1B33964F00F4EF78 /* SettingsViewController.swift in Sources */ = {isa = PBXBuildFile; fileRef = 5F1FADFA1B33964F00F4EF78 /* SettingsViewController.swift */; };
		5F1FADFD1B33C6A100F4EF78 /* settings-icon.png in Resources */ = {isa = PBXBuildFile; fileRef = 5F1FADFC1B33C6A100F4EF78 /* settings-icon.png */; };
		5FF86A1A1B3A293300316A0F /* Leverage in Resources */ = {isa = PBXBuildFile; fileRef = 5FF86A191B3A293300316A0F /* Leverage */; };
/* End PBXBuildFile section */

/* Begin PBXContainerItemProxy section */
		5F0639151B323F4C00277871 /* PBXContainerItemProxy */ = {
			isa = PBXContainerItemProxy;
			containerPortal = 5F0638F71B323F4C00277871 /* Project object */;
			proxyType = 1;
			remoteGlobalIDString = 5F0638FE1B323F4C00277871;
			remoteInfo = Leverage;
		};
/* End PBXContainerItemProxy section */

/* Begin PBXFileReference section */
		5F0463891B35CDE600AFF78C /* Settings.bundle */ = {isa = PBXFileReference; lastKnownFileType = "wrapper.plug-in"; name = Settings.bundle; path = ../Settings.bundle; sourceTree = "<group>"; };
		5F0638FF1B323F4C00277871 /* Leverage.app */ = {isa = PBXFileReference; explicitFileType = wrapper.application; includeInIndex = 0; path = Leverage.app; sourceTree = BUILT_PRODUCTS_DIR; };
		5F0639031B323F4C00277871 /* Info.plist */ = {isa = PBXFileReference; lastKnownFileType = text.plist.xml; path = Info.plist; sourceTree = "<group>"; };
		5F0639041B323F4C00277871 /* AppDelegate.swift */ = {isa = PBXFileReference; lastKnownFileType = sourcecode.swift; path = AppDelegate.swift; sourceTree = "<group>"; };
		5F0639061B323F4C00277871 /* ViewController.swift */ = {isa = PBXFileReference; lastKnownFileType = sourcecode.swift; path = ViewController.swift; sourceTree = "<group>"; };
		5F0639091B323F4C00277871 /* Base */ = {isa = PBXFileReference; lastKnownFileType = file.storyboard; name = Base; path = Base.lproj/Main.storyboard; sourceTree = "<group>"; };
		5F06390B1B323F4C00277871 /* Images.xcassets */ = {isa = PBXFileReference; lastKnownFileType = folder.assetcatalog; path = Images.xcassets; sourceTree = "<group>"; };
		5F06390E1B323F4C00277871 /* Base */ = {isa = PBXFileReference; lastKnownFileType = file.xib; name = Base; path = Base.lproj/LaunchScreen.xib; sourceTree = "<group>"; };
		5F0639141B323F4C00277871 /* LeverageTests.xctest */ = {isa = PBXFileReference; explicitFileType = wrapper.cfbundle; includeInIndex = 0; path = LeverageTests.xctest; sourceTree = BUILT_PRODUCTS_DIR; };
		5F0639191B323F4C00277871 /* Info.plist */ = {isa = PBXFileReference; lastKnownFileType = text.plist.xml; path = Info.plist; sourceTree = "<group>"; };
		5F06391A1B323F4C00277871 /* LeverageTests.swift */ = {isa = PBXFileReference; lastKnownFileType = sourcecode.swift; path = LeverageTests.swift; sourceTree = "<group>"; };
		5F0639241B323F8E00277871 /* Icon-60.png */ = {isa = PBXFileReference; lastKnownFileType = image.png; name = "Icon-60.png"; path = "../../TestJson/TestJson/Images.xcassets/Icon-60.png"; sourceTree = "<group>"; };
		5F0639251B323F8E00277871 /* Icon-60@2x.png */ = {isa = PBXFileReference; lastKnownFileType = image.png; name = "Icon-60@2x.png"; path = "../../TestJson/TestJson/Images.xcassets/Icon-60@2x.png"; sourceTree = "<group>"; };
		5F0639261B323F8E00277871 /* Icon-60@3x.png */ = {isa = PBXFileReference; lastKnownFileType = image.png; name = "Icon-60@3x.png"; path = "../../TestJson/TestJson/Images.xcassets/Icon-60@3x.png"; sourceTree = "<group>"; };
		5F0639271B323F8E00277871 /* Icon-72.png */ = {isa = PBXFileReference; lastKnownFileType = image.png; name = "Icon-72.png"; path = "../../TestJson/TestJson/Images.xcassets/Icon-72.png"; sourceTree = "<group>"; };
		5F0639281B323F8E00277871 /* Icon-72@2x.png */ = {isa = PBXFileReference; lastKnownFileType = image.png; name = "Icon-72@2x.png"; path = "../../TestJson/TestJson/Images.xcassets/Icon-72@2x.png"; sourceTree = "<group>"; };
		5F0639291B323F8E00277871 /* Icon-76.png */ = {isa = PBXFileReference; lastKnownFileType = image.png; name = "Icon-76.png"; path = "../../TestJson/TestJson/Images.xcassets/Icon-76.png"; sourceTree = "<group>"; };
		5F06392A1B323F8E00277871 /* Icon-76@2x.png */ = {isa = PBXFileReference; lastKnownFileType = image.png; name = "Icon-76@2x.png"; path = "../../TestJson/TestJson/Images.xcassets/Icon-76@2x.png"; sourceTree = "<group>"; };
		5F06392B1B323F8E00277871 /* Icon-Small-40.png */ = {isa = PBXFileReference; lastKnownFileType = image.png; name = "Icon-Small-40.png"; path = "../../TestJson/TestJson/Images.xcassets/Icon-Small-40.png"; sourceTree = "<group>"; };
		5F06392C1B323F8E00277871 /* Icon-Small-40@2x.png */ = {isa = PBXFileReference; lastKnownFileType = image.png; name = "Icon-Small-40@2x.png"; path = "../../TestJson/TestJson/Images.xcassets/Icon-Small-40@2x.png"; sourceTree = "<group>"; };
		5F06392D1B323F8E00277871 /* Icon-Small-40@3x.png */ = {isa = PBXFileReference; lastKnownFileType = image.png; name = "Icon-Small-40@3x.png"; path = "../../TestJson/TestJson/Images.xcassets/Icon-Small-40@3x.png"; sourceTree = "<group>"; };
		5F06392E1B323F8E00277871 /* Icon-Small-50.png */ = {isa = PBXFileReference; lastKnownFileType = image.png; name = "Icon-Small-50.png"; path = "../../TestJson/TestJson/Images.xcassets/Icon-Small-50.png"; sourceTree = "<group>"; };
		5F06392F1B323F8E00277871 /* Icon-Small-50@2x.png */ = {isa = PBXFileReference; lastKnownFileType = image.png; name = "Icon-Small-50@2x.png"; path = "../../TestJson/TestJson/Images.xcassets/Icon-Small-50@2x.png"; sourceTree = "<group>"; };
		5F0639301B323F8E00277871 /* Icon-Small.png */ = {isa = PBXFileReference; lastKnownFileType = image.png; name = "Icon-Small.png"; path = "../../TestJson/TestJson/Images.xcassets/Icon-Small.png"; sourceTree = "<group>"; };
		5F0639311B323F8E00277871 /* Icon-Small@2x.png */ = {isa = PBXFileReference; lastKnownFileType = image.png; name = "Icon-Small@2x.png"; path = "../../TestJson/TestJson/Images.xcassets/Icon-Small@2x.png"; sourceTree = "<group>"; };
		5F0639321B323F8E00277871 /* Icon-Small@3x.png */ = {isa = PBXFileReference; lastKnownFileType = image.png; name = "Icon-Small@3x.png"; path = "../../TestJson/TestJson/Images.xcassets/Icon-Small@3x.png"; sourceTree = "<group>"; };
		5F0639331B323F8E00277871 /* Icon.png */ = {isa = PBXFileReference; lastKnownFileType = image.png; name = Icon.png; path = ../../TestJson/TestJson/Images.xcassets/Icon.png; sourceTree = "<group>"; };
		5F0639341B323F8E00277871 /* Icon@2x.png */ = {isa = PBXFileReference; lastKnownFileType = image.png; name = "Icon@2x.png"; path = "../../TestJson/TestJson/Images.xcassets/Icon@2x.png"; sourceTree = "<group>"; };
		5F0639351B323F8E00277871 /* iTunesArtwork@2x.png */ = {isa = PBXFileReference; lastKnownFileType = image.png; name = "iTunesArtwork@2x.png"; path = "../../TestJson/TestJson/Images.xcassets/iTunesArtwork@2x.png"; sourceTree = "<group>"; };
		5F0639481B32404F00277871 /* leverage-launch-logo.png */ = {isa = PBXFileReference; lastKnownFileType = image.png; name = "leverage-launch-logo.png"; path = "../../../Desktop/GRAPHICS/leverage-launch-logo.png"; sourceTree = "<group>"; };
		5F06394C1B3241B900277871 /* DetailViewController.swift */ = {isa = PBXFileReference; fileEncoding = 4; lastKnownFileType = sourcecode.swift; path = DetailViewController.swift; sourceTree = "<group>"; };
		5F06394E1B3241F600277871 /* FormViewController.swift */ = {isa = PBXFileReference; fileEncoding = 4; lastKnownFileType = sourcecode.swift; path = FormViewController.swift; sourceTree = "<group>"; };
		5F0639501B3242D500277871 /* Lato */ = {isa = PBXFileReference; lastKnownFileType = folder; name = Lato; path = ../../../../../Library/Fonts/Lato; sourceTree = "<group>"; };
		5F0639521B327CD000277871 /* job.swift */ = {isa = PBXFileReference; fileEncoding = 4; lastKnownFileType = sourcecode.swift; path = job.swift; sourceTree = "<group>"; };
		5F0639541B327E3A00277871 /* cellView.swift */ = {isa = PBXFileReference; fileEncoding = 4; lastKnownFileType = sourcecode.swift; path = cellView.swift; sourceTree = "<group>"; };
		5F1FADFA1B33964F00F4EF78 /* SettingsViewController.swift */ = {isa = PBXFileReference; fileEncoding = 4; lastKnownFileType = sourcecode.swift; path = SettingsViewController.swift; sourceTree = "<group>"; };
		5F1FADFC1B33C6A100F4EF78 /* settings-icon.png */ = {isa = PBXFileReference; lastKnownFileType = image.png; name = "settings-icon.png"; path = "../../../Desktop/GRAPHICS/settings-icon.png"; sourceTree = "<group>"; };
		5FF86A191B3A293300316A0F /* Leverage */ = {isa = PBXFileReference; lastKnownFileType = folder; name = Leverage; sourceTree = SOURCE_ROOT; };
/* End PBXFileReference section */

/* Begin PBXFrameworksBuildPhase section */
		5F0638FC1B323F4C00277871 /* Frameworks */ = {
			isa = PBXFrameworksBuildPhase;
			buildActionMask = 2147483647;
			files = (
			);
			runOnlyForDeploymentPostprocessing = 0;
		};
		5F0639111B323F4C00277871 /* Frameworks */ = {
			isa = PBXFrameworksBuildPhase;
			buildActionMask = 2147483647;
			files = (
			);
			runOnlyForDeploymentPostprocessing = 0;
		};
/* End PBXFrameworksBuildPhase section */

/* Begin PBXGroup section */
		5F0638F61B323F4C00277871 = {
			isa = PBXGroup;
			children = (
				5F0639011B323F4C00277871 /* Leverage */,
				5F0639171B323F4C00277871 /* LeverageTests */,
				5F0639001B323F4C00277871 /* Products */,
			);
			sourceTree = "<group>";
		};
		5F0639001B323F4C00277871 /* Products */ = {
			isa = PBXGroup;
			children = (
				5F0638FF1B323F4C00277871 /* Leverage.app */,
				5F0639141B323F4C00277871 /* LeverageTests.xctest */,
			);
			name = Products;
			sourceTree = "<group>";
		};
		5F0639011B323F4C00277871 /* Leverage */ = {
			isa = PBXGroup;
			children = (
				5F0639041B323F4C00277871 /* AppDelegate.swift */,
				5F0639061B323F4C00277871 /* ViewController.swift */,
				5FF86A191B3A293300316A0F /* Leverage */,
				5F1FADFA1B33964F00F4EF78 /* SettingsViewController.swift */,
				5F0639521B327CD000277871 /* job.swift */,
				5F06394C1B3241B900277871 /* DetailViewController.swift */,
				5F06394E1B3241F600277871 /* FormViewController.swift */,
				5F0639081B323F4C00277871 /* Main.storyboard */,
				5F0639541B327E3A00277871 /* cellView.swift */,
				5F06390B1B323F4C00277871 /* Images.xcassets */,
				5F06390D1B323F4C00277871 /* LaunchScreen.xib */,
				5F0639021B323F4C00277871 /* Supporting Files */,
			);
			path = Leverage;
			sourceTree = "<group>";
		};
		5F0639021B323F4C00277871 /* Supporting Files */ = {
			isa = PBXGroup;
			children = (
				5F0463891B35CDE600AFF78C /* Settings.bundle */,
				5F1FADFC1B33C6A100F4EF78 /* settings-icon.png */,
				5F0639501B3242D500277871 /* Lato */,
				5F0639481B32404F00277871 /* leverage-launch-logo.png */,
				5F0639241B323F8E00277871 /* Icon-60.png */,
				5F0639251B323F8E00277871 /* Icon-60@2x.png */,
				5F0639261B323F8E00277871 /* Icon-60@3x.png */,
				5F0639271B323F8E00277871 /* Icon-72.png */,
				5F0639281B323F8E00277871 /* Icon-72@2x.png */,
				5F0639291B323F8E00277871 /* Icon-76.png */,
				5F06392A1B323F8E00277871 /* Icon-76@2x.png */,
				5F06392B1B323F8E00277871 /* Icon-Small-40.png */,
				5F06392C1B323F8E00277871 /* Icon-Small-40@2x.png */,
				5F06392D1B323F8E00277871 /* Icon-Small-40@3x.png */,
				5F06392E1B323F8E00277871 /* Icon-Small-50.png */,
				5F06392F1B323F8E00277871 /* Icon-Small-50@2x.png */,
				5F0639301B323F8E00277871 /* Icon-Small.png */,
				5F0639311B323F8E00277871 /* Icon-Small@2x.png */,
				5F0639321B323F8E00277871 /* Icon-Small@3x.png */,
				5F0639331B323F8E00277871 /* Icon.png */,
				5F0639341B323F8E00277871 /* Icon@2x.png */,
				5F0639351B323F8E00277871 /* iTunesArtwork@2x.png */,
				5F0639031B323F4C00277871 /* Info.plist */,
			);
			name = "Supporting Files";
			sourceTree = "<group>";
		};
		5F0639171B323F4C00277871 /* LeverageTests */ = {
			isa = PBXGroup;
			children = (
				5F06391A1B323F4C00277871 /* LeverageTests.swift */,
				5F0639181B323F4C00277871 /* Supporting Files */,
			);
			path = LeverageTests;
			sourceTree = "<group>";
		};
		5F0639181B323F4C00277871 /* Supporting Files */ = {
			isa = PBXGroup;
			children = (
				5F0639191B323F4C00277871 /* Info.plist */,
			);
			name = "Supporting Files";
			sourceTree = "<group>";
		};
/* End PBXGroup section */

/* Begin PBXNativeTarget section */
		5F0638FE1B323F4C00277871 /* Leverage */ = {
			isa = PBXNativeTarget;
			buildConfigurationList = 5F06391E1B323F4C00277871 /* Build configuration list for PBXNativeTarget "Leverage" */;
			buildPhases = (
				5F0638FB1B323F4C00277871 /* Sources */,
				5F0638FC1B323F4C00277871 /* Frameworks */,
				5F0638FD1B323F4C00277871 /* Resources */,
			);
			buildRules = (
			);
			dependencies = (
			);
			name = Leverage;
			productName = Leverage;
			productReference = 5F0638FF1B323F4C00277871 /* Leverage.app */;
			productType = "com.apple.product-type.application";
		};
		5F0639131B323F4C00277871 /* LeverageTests */ = {
			isa = PBXNativeTarget;
			buildConfigurationList = 5F0639211B323F4C00277871 /* Build configuration list for PBXNativeTarget "LeverageTests" */;
			buildPhases = (
				5F0639101B323F4C00277871 /* Sources */,
				5F0639111B323F4C00277871 /* Frameworks */,
				5F0639121B323F4C00277871 /* Resources */,
			);
			buildRules = (
			);
			dependencies = (
				5F0639161B323F4C00277871 /* PBXTargetDependency */,
			);
			name = LeverageTests;
			productName = LeverageTests;
			productReference = 5F0639141B323F4C00277871 /* LeverageTests.xctest */;
			productType = "com.apple.product-type.bundle.unit-test";
		};
/* End PBXNativeTarget section */

/* Begin PBXProject section */
		5F0638F71B323F4C00277871 /* Project object */ = {
			isa = PBXProject;
			attributes = {
				LastUpgradeCheck = 0630;
				ORGANIZATIONNAME = supersimple;
				TargetAttributes = {
					5F0638FE1B323F4C00277871 = {
						CreatedOnToolsVersion = 6.3.2;
						DevelopmentTeam = 9SFCZ947RV;
					};
					5F0639131B323F4C00277871 = {
						CreatedOnToolsVersion = 6.3.2;
						TestTargetID = 5F0638FE1B323F4C00277871;
					};
				};
			};
			buildConfigurationList = 5F0638FA1B323F4C00277871 /* Build configuration list for PBXProject "Leverage" */;
			compatibilityVersion = "Xcode 6.3";
			developmentRegion = English;
			hasScannedForEncodings = 0;
			knownRegions = (
				en,
				Base,
			);
			mainGroup = 5F0638F61B323F4C00277871;
			productRefGroup = 5F0639001B323F4C00277871 /* Products */;
			projectDirPath = "";
			projectRoot = "";
			targets = (
				5F0638FE1B323F4C00277871 /* Leverage */,
				5F0639131B323F4C00277871 /* LeverageTests */,
			);
		};
/* End PBXProject section */

/* Begin PBXResourcesBuildPhase section */
		5F0638FD1B323F4C00277871 /* Resources */ = {
			isa = PBXResourcesBuildPhase;
			buildActionMask = 2147483647;
			files = (
				5F0639491B32404F00277871 /* leverage-launch-logo.png in Resources */,
				5F0639421B323F8E00277871 /* Icon-Small.png in Resources */,
				5F0639381B323F8E00277871 /* Icon-60@3x.png in Resources */,
				5FF86A1A1B3A293300316A0F /* Leverage in Resources */,
				5F0639401B323F8E00277871 /* Icon-Small-50.png in Resources */,
				5F06393E1B323F8E00277871 /* Icon-Small-40@2x.png in Resources */,
				5F0639431B323F8E00277871 /* Icon-Small@2x.png in Resources */,
				5F06393D1B323F8E00277871 /* Icon-Small-40.png in Resources */,
				5F06390A1B323F4C00277871 /* Main.storyboard in Resources */,
				5F06393A1B323F8E00277871 /* Icon-72@2x.png in Resources */,
				5F0639371B323F8E00277871 /* Icon-60@2x.png in Resources */,
				5F0639461B323F8E00277871 /* Icon@2x.png in Resources */,
				5F06390F1B323F4C00277871 /* LaunchScreen.xib in Resources */,
				5F0639451B323F8E00277871 /* Icon.png in Resources */,
				5F0639361B323F8E00277871 /* Icon-60.png in Resources */,
				5F06393F1B323F8E00277871 /* Icon-Small-40@3x.png in Resources */,
				5F0639511B3242D500277871 /* Lato in Resources */,
				5F0639441B323F8E00277871 /* Icon-Small@3x.png in Resources */,
				5F0639391B323F8E00277871 /* Icon-72.png in Resources */,
				5F0639471B323F8E00277871 /* iTunesArtwork@2x.png in Resources */,
				5F1FADFD1B33C6A100F4EF78 /* settings-icon.png in Resources */,
				5F06390C1B323F4C00277871 /* Images.xcassets in Resources */,
				5F0639411B323F8E00277871 /* Icon-Small-50@2x.png in Resources */,
				5F04638A1B35CDE600AFF78C /* Settings.bundle in Resources */,
				5F06393C1B323F8E00277871 /* Icon-76@2x.png in Resources */,
				5F06393B1B323F8E00277871 /* Icon-76.png in Resources */,
			);
			runOnlyForDeploymentPostprocessing = 0;
		};
		5F0639121B323F4C00277871 /* Resources */ = {
			isa = PBXResourcesBuildPhase;
			buildActionMask = 2147483647;
			files = (
			);
			runOnlyForDeploymentPostprocessing = 0;
		};
/* End PBXResourcesBuildPhase section */

/* Begin PBXSourcesBuildPhase section */
		5F0638FB1B323F4C00277871 /* Sources */ = {
			isa = PBXSourcesBuildPhase;
			buildActionMask = 2147483647;
			files = (
				5F06394D1B3241B900277871 /* DetailViewController.swift in Sources */,
				5F0639071B323F4C00277871 /* ViewController.swift in Sources */,
				5F1FADFB1B33964F00F4EF78 /* SettingsViewController.swift in Sources */,
				5F0639531B327CD000277871 /* job.swift in Sources */,
				5F06394F1B3241F600277871 /* FormViewController.swift in Sources */,
				5F0639551B327E3A00277871 /* cellView.swift in Sources */,
				5F0639051B323F4C00277871 /* AppDelegate.swift in Sources */,
			);
			runOnlyForDeploymentPostprocessing = 0;
		};
		5F0639101B323F4C00277871 /* Sources */ = {
			isa = PBXSourcesBuildPhase;
			buildActionMask = 2147483647;
			files = (
				5F06391B1B323F4C00277871 /* LeverageTests.swift in Sources */,
			);
			runOnlyForDeploymentPostprocessing = 0;
		};
/* End PBXSourcesBuildPhase section */

/* Begin PBXTargetDependency section */
		5F0639161B323F4C00277871 /* PBXTargetDependency */ = {
			isa = PBXTargetDependency;
			target = 5F0638FE1B323F4C00277871 /* Leverage */;
			targetProxy = 5F0639151B323F4C00277871 /* PBXContainerItemProxy */;
		};
/* End PBXTargetDependency section */

/* Begin PBXVariantGroup section */
		5F0639081B323F4C00277871 /* Main.storyboard */ = {
			isa = PBXVariantGroup;
			children = (
				5F0639091B323F4C00277871 /* Base */,
			);
			name = Main.storyboard;
			sourceTree = "<group>";
		};
		5F06390D1B323F4C00277871 /* LaunchScreen.xib */ = {
			isa = PBXVariantGroup;
			children = (
				5F06390E1B323F4C00277871 /* Base */,
			);
			name = LaunchScreen.xib;
			sourceTree = "<group>";
		};
/* End PBXVariantGroup section */

/* Begin XCBuildConfiguration section */
		5F06391C1B323F4C00277871 /* Debug */ = {
			isa = XCBuildConfiguration;
			buildSettings = {
				ALWAYS_SEARCH_USER_PATHS = NO;
				CLANG_CXX_LANGUAGE_STANDARD = "gnu++0x";
				CLANG_CXX_LIBRARY = "libc++";
				CLANG_ENABLE_MODULES = YES;
				CLANG_ENABLE_OBJC_ARC = YES;
				CLANG_WARN_BOOL_CONVERSION = YES;
				CLANG_WARN_CONSTANT_CONVERSION = YES;
				CLANG_WARN_DIRECT_OBJC_ISA_USAGE = YES_ERROR;
				CLANG_WARN_EMPTY_BODY = YES;
				CLANG_WARN_ENUM_CONVERSION = YES;
				CLANG_WARN_INT_CONVERSION = YES;
				CLANG_WARN_OBJC_ROOT_CLASS = YES_ERROR;
				CLANG_WARN_UNREACHABLE_CODE = YES;
				CLANG_WARN__DUPLICATE_METHOD_MATCH = YES;
				"CODE_SIGN_IDENTITY[sdk=iphoneos*]" = "iPhone Developer";
				COPY_PHASE_STRIP = NO;
				DEBUG_INFORMATION_FORMAT = "dwarf-with-dsym";
				ENABLE_STRICT_OBJC_MSGSEND = YES;
				GCC_C_LANGUAGE_STANDARD = gnu99;
				GCC_DYNAMIC_NO_PIC = NO;
				GCC_NO_COMMON_BLOCKS = YES;
				GCC_OPTIMIZATION_LEVEL = 0;
				GCC_PREPROCESSOR_DEFINITIONS = (
					"DEBUG=1",
					"$(inherited)",
				);
				GCC_SYMBOLS_PRIVATE_EXTERN = NO;
				GCC_WARN_64_TO_32_BIT_CONVERSION = YES;
				GCC_WARN_ABOUT_RETURN_TYPE = YES_ERROR;
				GCC_WARN_UNDECLARED_SELECTOR = YES;
				GCC_WARN_UNINITIALIZED_AUTOS = YES_AGGRESSIVE;
				GCC_WARN_UNUSED_FUNCTION = YES;
				GCC_WARN_UNUSED_VARIABLE = YES;
				IPHONEOS_DEPLOYMENT_TARGET = 8.3;
				MTL_ENABLE_DEBUG_INFO = YES;
				ONLY_ACTIVE_ARCH = YES;
				SDKROOT = iphoneos;
				SWIFT_OPTIMIZATION_LEVEL = "-Onone";
				TARGETED_DEVICE_FAMILY = 2;
			};
			name = Debug;
		};
		5F06391D1B323F4C00277871 /* Release */ = {
			isa = XCBuildConfiguration;
			buildSettings = {
				ALWAYS_SEARCH_USER_PATHS = NO;
				CLANG_CXX_LANGUAGE_STANDARD = "gnu++0x";
				CLANG_CXX_LIBRARY = "libc++";
				CLANG_ENABLE_MODULES = YES;
				CLANG_ENABLE_OBJC_ARC = YES;
				CLANG_WARN_BOOL_CONVERSION = YES;
				CLANG_WARN_CONSTANT_CONVERSION = YES;
				CLANG_WARN_DIRECT_OBJC_ISA_USAGE = YES_ERROR;
				CLANG_WARN_EMPTY_BODY = YES;
				CLANG_WARN_ENUM_CONVERSION = YES;
				CLANG_WARN_INT_CONVERSION = YES;
				CLANG_WARN_OBJC_ROOT_CLASS = YES_ERROR;
				CLANG_WARN_UNREACHABLE_CODE = YES;
				CLANG_WARN__DUPLICATE_METHOD_MATCH = YES;
				"CODE_SIGN_IDENTITY[sdk=iphoneos*]" = "iPhone Developer";
				COPY_PHASE_STRIP = NO;
				DEBUG_INFORMATION_FORMAT = "dwarf-with-dsym";
				ENABLE_NS_ASSERTIONS = NO;
				ENABLE_STRICT_OBJC_MSGSEND = YES;
				GCC_C_LANGUAGE_STANDARD = gnu99;
				GCC_NO_COMMON_BLOCKS = YES;
				GCC_WARN_64_TO_32_BIT_CONVERSION = YES;
				GCC_WARN_ABOUT_RETURN_TYPE = YES_ERROR;
				GCC_WARN_UNDECLARED_SELECTOR = YES;
				GCC_WARN_UNINITIALIZED_AUTOS = YES_AGGRESSIVE;
				GCC_WARN_UNUSED_FUNCTION = YES;
				GCC_WARN_UNUSED_VARIABLE = YES;
				IPHONEOS_DEPLOYMENT_TARGET = 8.3;
				MTL_ENABLE_DEBUG_INFO = NO;
				SDKROOT = iphoneos;
				TARGETED_DEVICE_FAMILY = 2;
				VALIDATE_PRODUCT = YES;
			};
			name = Release;
		};
		5F06391F1B323F4C00277871 /* Debug */ = {
			isa = XCBuildConfiguration;
			buildSettings = {
				ASSETCATALOG_COMPILER_APPICON_NAME = AppIcon;
				CODE_SIGN_IDENTITY = "iPhone Developer";
				INFOPLIST_FILE = Leverage/Info.plist;
				LD_RUNPATH_SEARCH_PATHS = "$(inherited) @executable_path/Frameworks";
				PRODUCT_NAME = "$(TARGET_NAME)";
				TARGETED_DEVICE_FAMILY = 2;
			};
			name = Debug;
		};
		5F0639201B323F4C00277871 /* Release */ = {
			isa = XCBuildConfiguration;
			buildSettings = {
				ASSETCATALOG_COMPILER_APPICON_NAME = AppIcon;
				CODE_SIGN_IDENTITY = "iPhone Developer";
				INFOPLIST_FILE = Leverage/Info.plist;
				LD_RUNPATH_SEARCH_PATHS = "$(inherited) @executable_path/Frameworks";
				PRODUCT_NAME = "$(TARGET_NAME)";
				TARGETED_DEVICE_FAMILY = 2;
			};
			name = Release;
		};
		5F0639221B323F4C00277871 /* Debug */ = {
			isa = XCBuildConfiguration;
			buildSettings = {
				BUNDLE_LOADER = "$(TEST_HOST)";
				FRAMEWORK_SEARCH_PATHS = (
					"$(SDKROOT)/Developer/Library/Frameworks",
					"$(inherited)",
				);
				GCC_PREPROCESSOR_DEFINITIONS = (
					"DEBUG=1",
					"$(inherited)",
				);
				INFOPLIST_FILE = LeverageTests/Info.plist;
				LD_RUNPATH_SEARCH_PATHS = "$(inherited) @executable_path/Frameworks @loader_path/Frameworks";
				PRODUCT_NAME = "$(TARGET_NAME)";
				TEST_HOST = "$(BUILT_PRODUCTS_DIR)/Leverage.app/Leverage";
			};
			name = Debug;
		};
		5F0639231B323F4C00277871 /* Release */ = {
			isa = XCBuildConfiguration;
			buildSettings = {
				BUNDLE_LOADER = "$(TEST_HOST)";
				FRAMEWORK_SEARCH_PATHS = (
					"$(SDKROOT)/Developer/Library/Frameworks",
					"$(inherited)",
				);
				INFOPLIST_FILE = LeverageTests/Info.plist;
				LD_RUNPATH_SEARCH_PATHS = "$(inherited) @executable_path/Frameworks @loader_path/Frameworks";
				PRODUCT_NAME = "$(TARGET_NAME)";
				TEST_HOST = "$(BUILT_PRODUCTS_DIR)/Leverage.app/Leverage";
			};
			name = Release;
		};
/* End XCBuildConfiguration section */

/* Begin XCConfigurationList section */
		5F0638FA1B323F4C00277871 /* Build configuration list for PBXProject "Leverage" */ = {
			isa = XCConfigurationList;
			buildConfigurations = (
				5F06391C1B323F4C00277871 /* Debug */,
				5F06391D1B323F4C00277871 /* Release */,
			);
			defaultConfigurationIsVisible = 0;
			defaultConfigurationName = Release;
		};
		5F06391E1B323F4C00277871 /* Build configuration list for PBXNativeTarget "Leverage" */ = {
			isa = XCConfigurationList;
			buildConfigurations = (
				5F06391F1B323F4C00277871 /* Debug */,
				5F0639201B323F4C00277871 /* Release */,
			);
			defaultConfigurationIsVisible = 0;
			defaultConfigurationName = Release;
		};
		5F0639211B323F4C00277871 /* Build configuration list for PBXNativeTarget "LeverageTests" */ = {
			isa = XCConfigurationList;
			buildConfigurations = (
				5F0639221B323F4C00277871 /* Debug */,
				5F0639231B323F4C00277871 /* Release */,
			);
			defaultConfigurationIsVisible = 0;
			defaultConfigurationName = Release;
		};
/* End XCConfigurationList section */
	};
	rootObject = 5F0638F71B323F4C00277871 /* Project object */;
}
